
Microsoft Visual Studio Solution File, Format Version 12.00
# Visual Studio Version 16
VisualStudioVersion = 16.0.33130.400
MinimumVisualStudioVersion = 10.0.40219.1
Project("{FAE04EC0-301F-11D3-BF4B-00C04F79EFBC}") = "大一统", "大一统\大一统.csproj", "{6E047260-603D-4CCC-B06E-199727200AB7}"
EndProject
Project("{2150E333-8FDC-42A3-9474-1A3956D46DE8}") = "Solution Items", "Solution Items", "{2EEE3A32-59E9-4A53-A61E-F230AE315A36}"
	ProjectSection(SolutionItems) = preProject
		README.md = README.md
	EndProjectSection
EndProject
Project("{FAE04EC0-301F-11D3-BF4B-00C04F79EFBC}") = "VersionUpdate", "VersionUpdate\VersionUpdate.csproj", "{77CBFD36-E99F-49A2-A653-D86A8CCB5D5A}"
EndProject
Project("{FAE04EC0-301F-11D3-BF4B-00C04F79EFBC}") = "test", "test\test.csproj", "{6C932769-4D8A-43DD-9573-1D3E0506D0DF}"
EndProject
Global
	GlobalSection(SolutionConfigurationPlatforms) = preSolution
		Debug|Any CPU = Debug|Any CPU
		Release|Any CPU = Release|Any CPU
	EndGlobalSection
	GlobalSection(ProjectConfigurationPlatforms) = postSolution
		{6E047260-603D-4CCC-B06E-199727200AB7}.Debug|Any CPU.ActiveCfg = Debug|Any CPU
		{6E047260-603D-4CCC-B06E-199727200AB7}.Debug|Any CPU.Build.0 = Debug|Any CPU
		{6E047260-603D-4CCC-B06E-199727200AB7}.Release|Any CPU.ActiveCfg = Release|Any CPU
		{6E047260-603D-4CCC-B06E-199727200AB7}.Release|Any CPU.Build.0 = Release|Any CPU
		{77CBFD36-E99F-49A2-A653-D86A8CCB5D5A}.Debug|Any CPU.ActiveCfg = Debug|Any CPU
		{77CBFD36-E99F-49A2-A653-D86A8CCB5D5A}.Debug|Any CPU.Build.0 = Debug|Any CPU
		{77CBFD36-E99F-49A2-A653-D86A8CCB5D5A}.Release|Any CPU.ActiveCfg = Release|Any CPU
		{77CBFD36-E99F-49A2-A653-D86A8CCB5D5A}.Release|Any CPU.Build.0 = Release|Any CPU
		{6C932769-4D8A-43DD-9573-1D3E0506D0DF}.Debug|Any CPU.ActiveCfg = Debug|Any CPU
		{6C932769-4D8A-43DD-9573-1D3E0506D0DF}.Debug|Any CPU.Build.0 = Debug|Any CPU
		{6C932769-4D8A-43DD-9573-1D3E0506D0DF}.Release|Any CPU.ActiveCfg = Release|Any CPU
		{6C932769-4D8A-43DD-9573-1D3E0506D0DF}.Release|Any CPU.Build.0 = Release|Any CPU
	EndGlobalSection
	GlobalSection(SolutionProperties) = preSolution
		HideSolutionNode = FALSE
	EndGlobalSection
	GlobalSection(ExtensibilityGlobals) = postSolution
		SolutionGuid = {F35DF074-897D-40E3-9E8A-FFF63629A21B}
	EndGlobalSection
EndGlobal
